
Microsoft Visual Studio Solution File, Format Version 10.00
# Visual Studio 2008
Project("{FAE04EC0-301F-11D3-BF4B-00C04F79EFBC}") = "CP108_5_3_1", "CP108_5_3_1\CP108_5_3_1.csproj", "{CA84AA10-4CE3-4B1F-A085-7AA8B528AB65}"
EndProject
Global
	GlobalSection(SolutionConfigurationPlatforms) = preSolution
		Debug|Any CPU = Debug|Any CPU
		Release|Any CPU = Release|Any CPU
	EndGlobalSection
	GlobalSection(ProjectConfigurationPlatforms) = postSolution
		{CA84AA10-4CE3-4B1F-A085-7AA8B528AB65}.Debug|Any CPU.ActiveCfg = Debug|Any CPU
		{CA84AA10-4CE3-4B1F-A085-7AA8B528AB65}.Debug|Any CPU.Build.0 = Debug|Any CPU
		{CA84AA10-4CE3-4B1F-A085-7AA8B528AB65}.Release|Any CPU.ActiveCfg = Release|Any CPU
		{CA84AA10-4CE3-4B1F-A085-7AA8B528AB65}.Release|Any CPU.Build.0 = Release|Any CPU
	EndGlobalSection
	GlobalSection(SolutionProperties) = preSolution
		HideSolutionNode = FALSE
	EndGlobalSection
EndGlobal
