
Microsoft Visual Studio Solution File, Format Version 10.00
# Visual Studio 2008
Project("{FAE04EC0-301F-11D3-BF4B-00C04F79EFBC}") = "WSimulatedTrafficLight", "WSimulatedTrafficLight.csproj", "{77BD2F5F-C2F0-4892-8203-7330D7F35925}"
EndProject
Global
	GlobalSection(SolutionConfigurationPlatforms) = preSolution
		Debug|Any CPU = Debug|Any CPU
		Release|Any CPU = Release|Any CPU
	EndGlobalSection
	GlobalSection(ProjectConfigurationPlatforms) = postSolution
		{77BD2F5F-C2F0-4892-8203-7330D7F35925}.Debug|Any CPU.ActiveCfg = Debug|Any CPU
		{77BD2F5F-C2F0-4892-8203-7330D7F35925}.Debug|Any CPU.Build.0 = Debug|Any CPU
		{77BD2F5F-C2F0-4892-8203-7330D7F35925}.Release|Any CPU.ActiveCfg = Release|Any CPU
		{77BD2F5F-C2F0-4892-8203-7330D7F35925}.Release|Any CPU.Build.0 = Release|Any CPU
	EndGlobalSection
	GlobalSection(SolutionProperties) = preSolution
		HideSolutionNode = FALSE
	EndGlobalSection
EndGlobal
