
Microsoft Visual Studio Solution File, Format Version 10.00
# Visual Studio 2008
Project("{FAE04EC0-301F-11D3-BF4B-00C04F79EFBC}") = "CDay1016_1", "CDay1016_1\CDay1016_1.csproj", "{05DEFC0E-16E0-496B-8595-B08104E31024}"
EndProject
Global
	GlobalSection(SolutionConfigurationPlatforms) = preSolution
		Debug|Any CPU = Debug|Any CPU
		Release|Any CPU = Release|Any CPU
	EndGlobalSection
	GlobalSection(ProjectConfigurationPlatforms) = postSolution
		{05DEFC0E-16E0-496B-8595-B08104E31024}.Debug|Any CPU.ActiveCfg = Debug|Any CPU
		{05DEFC0E-16E0-496B-8595-B08104E31024}.Debug|Any CPU.Build.0 = Debug|Any CPU
		{05DEFC0E-16E0-496B-8595-B08104E31024}.Release|Any CPU.ActiveCfg = Release|Any CPU
		{05DEFC0E-16E0-496B-8595-B08104E31024}.Release|Any CPU.Build.0 = Release|Any CPU
	EndGlobalSection
	GlobalSection(SolutionProperties) = preSolution
		HideSolutionNode = FALSE
	EndGlobalSection
EndGlobal
