
Microsoft Visual Studio Solution File, Format Version 10.00
# Visual Studio 2008
Project("{FAE04EC0-301F-11D3-BF4B-00C04F79EFBC}") = "CP86_4_3_2", "CP86_4_3_2\CP86_4_3_2.csproj", "{9BA5BC45-7BD2-4A09-8EB5-2000C324D97E}"
EndProject
Global
	GlobalSection(SolutionConfigurationPlatforms) = preSolution
		Debug|Any CPU = Debug|Any CPU
		Release|Any CPU = Release|Any CPU
	EndGlobalSection
	GlobalSection(ProjectConfigurationPlatforms) = postSolution
		{9BA5BC45-7BD2-4A09-8EB5-2000C324D97E}.Debug|Any CPU.ActiveCfg = Debug|Any CPU
		{9BA5BC45-7BD2-4A09-8EB5-2000C324D97E}.Debug|Any CPU.Build.0 = Debug|Any CPU
		{9BA5BC45-7BD2-4A09-8EB5-2000C324D97E}.Release|Any CPU.ActiveCfg = Release|Any CPU
		{9BA5BC45-7BD2-4A09-8EB5-2000C324D97E}.Release|Any CPU.Build.0 = Release|Any CPU
	EndGlobalSection
	GlobalSection(SolutionProperties) = preSolution
		HideSolutionNode = FALSE
	EndGlobalSection
EndGlobal
