
Microsoft Visual Studio Solution File, Format Version 12.00
# Visual Studio 2013
VisualStudioVersion = 12.0.21005.1
MinimumVisualStudioVersion = 10.0.40219.1
Project("{FAE04EC0-301F-11D3-BF4B-00C04F79EFBC}") = "CP108_5_3_3", "CP108_5_3_3\CP108_5_3_3.csproj", "{EDD7F714-ADE9-4243-97AC-7BB74E9399F4}"
EndProject
Global
	GlobalSection(SolutionConfigurationPlatforms) = preSolution
		Debug|Any CPU = Debug|Any CPU
		Release|Any CPU = Release|Any CPU
	EndGlobalSection
	GlobalSection(ProjectConfigurationPlatforms) = postSolution
		{EDD7F714-ADE9-4243-97AC-7BB74E9399F4}.Debug|Any CPU.ActiveCfg = Debug|Any CPU
		{EDD7F714-ADE9-4243-97AC-7BB74E9399F4}.Debug|Any CPU.Build.0 = Debug|Any CPU
		{EDD7F714-ADE9-4243-97AC-7BB74E9399F4}.Release|Any CPU.ActiveCfg = Release|Any CPU
		{EDD7F714-ADE9-4243-97AC-7BB74E9399F4}.Release|Any CPU.Build.0 = Release|Any CPU
	EndGlobalSection
	GlobalSection(SolutionProperties) = preSolution
		HideSolutionNode = FALSE
	EndGlobalSection
EndGlobal
