
Microsoft Visual Studio Solution File, Format Version 10.00
# Visual Studio 2008
Project("{FAE04EC0-301F-11D3-BF4B-00C04F79EFBC}") = "Cfloat+decimal", "Cfloat+decimal\Cfloat+decimal.csproj", "{C532F187-F101-4492-85A0-BBB9C12E9BDF}"
EndProject
Global
	GlobalSection(SolutionConfigurationPlatforms) = preSolution
		Debug|Any CPU = Debug|Any CPU
		Release|Any CPU = Release|Any CPU
	EndGlobalSection
	GlobalSection(ProjectConfigurationPlatforms) = postSolution
		{C532F187-F101-4492-85A0-BBB9C12E9BDF}.Debug|Any CPU.ActiveCfg = Debug|Any CPU
		{C532F187-F101-4492-85A0-BBB9C12E9BDF}.Debug|Any CPU.Build.0 = Debug|Any CPU
		{C532F187-F101-4492-85A0-BBB9C12E9BDF}.Release|Any CPU.ActiveCfg = Release|Any CPU
		{C532F187-F101-4492-85A0-BBB9C12E9BDF}.Release|Any CPU.Build.0 = Release|Any CPU
	EndGlobalSection
	GlobalSection(SolutionProperties) = preSolution
		HideSolutionNode = FALSE
	EndGlobalSection
EndGlobal
