
Microsoft Visual Studio Solution File, Format Version 10.00
# Visual Studio 2008
Project("{FAE04EC0-301F-11D3-BF4B-00C04F79EFBC}") = "转义字符", "转义字符\转义字符.csproj", "{D31628CC-2595-4F28-B5B9-6CDA4AA0F958}"
EndProject
Global
	GlobalSection(SolutionConfigurationPlatforms) = preSolution
		Debug|Any CPU = Debug|Any CPU
		Release|Any CPU = Release|Any CPU
	EndGlobalSection
	GlobalSection(ProjectConfigurationPlatforms) = postSolution
		{D31628CC-2595-4F28-B5B9-6CDA4AA0F958}.Debug|Any CPU.ActiveCfg = Debug|Any CPU
		{D31628CC-2595-4F28-B5B9-6CDA4AA0F958}.Debug|Any CPU.Build.0 = Debug|Any CPU
		{D31628CC-2595-4F28-B5B9-6CDA4AA0F958}.Release|Any CPU.ActiveCfg = Release|Any CPU
		{D31628CC-2595-4F28-B5B9-6CDA4AA0F958}.Release|Any CPU.Build.0 = Release|Any CPU
	EndGlobalSection
	GlobalSection(SolutionProperties) = preSolution
		HideSolutionNode = FALSE
	EndGlobalSection
EndGlobal
